
Microsoft Visual Studio Solution File, Format Version 12.00
# Visual Studio 15
VisualStudioVersion = 15.0.27130.0
MinimumVisualStudioVersion = 10.0.40219.1
Project("{FAE04EC0-301F-11D3-BF4B-00C04F79EFBC}") = "app01", "app01\app01.csproj", "{74691755-4C0F-4344-8A08-A1411D9092D7}"
EndProject
Project("{A07B5EB6-E848-4116-A8D0-A826331D98C6}") = "sfapp01", "sfapp01\sfapp01.sfproj", "{EEF7ED04-CA73-4278-9CC8-F2FF59060AB5}"
EndProject
Global
	GlobalSection(SolutionConfigurationPlatforms) = preSolution
		Debug|Any CPU = Debug|Any CPU
		Debug|x64 = Debug|x64
		Release|Any CPU = Release|Any CPU
		Release|x64 = Release|x64
	EndGlobalSection
	GlobalSection(ProjectConfigurationPlatforms) = postSolution
		{74691755-4C0F-4344-8A08-A1411D9092D7}.Debug|Any CPU.ActiveCfg = Debug|Any CPU
		{74691755-4C0F-4344-8A08-A1411D9092D7}.Debug|Any CPU.Build.0 = Debug|Any CPU
		{74691755-4C0F-4344-8A08-A1411D9092D7}.Debug|x64.ActiveCfg = Debug|Any CPU
		{74691755-4C0F-4344-8A08-A1411D9092D7}.Debug|x64.Build.0 = Debug|Any CPU
		{74691755-4C0F-4344-8A08-A1411D9092D7}.Release|Any CPU.ActiveCfg = Release|Any CPU
		{74691755-4C0F-4344-8A08-A1411D9092D7}.Release|Any CPU.Build.0 = Release|Any CPU
		{74691755-4C0F-4344-8A08-A1411D9092D7}.Release|x64.ActiveCfg = Release|Any CPU
		{74691755-4C0F-4344-8A08-A1411D9092D7}.Release|x64.Build.0 = Release|Any CPU
		{EEF7ED04-CA73-4278-9CC8-F2FF59060AB5}.Debug|Any CPU.ActiveCfg = Debug|x64
		{EEF7ED04-CA73-4278-9CC8-F2FF59060AB5}.Debug|x64.ActiveCfg = Debug|x64
		{EEF7ED04-CA73-4278-9CC8-F2FF59060AB5}.Debug|x64.Build.0 = Debug|x64
		{EEF7ED04-CA73-4278-9CC8-F2FF59060AB5}.Debug|x64.Deploy.0 = Debug|x64
		{EEF7ED04-CA73-4278-9CC8-F2FF59060AB5}.Release|Any CPU.ActiveCfg = Release|x64
		{EEF7ED04-CA73-4278-9CC8-F2FF59060AB5}.Release|x64.ActiveCfg = Release|x64
		{EEF7ED04-CA73-4278-9CC8-F2FF59060AB5}.Release|x64.Build.0 = Release|x64
		{EEF7ED04-CA73-4278-9CC8-F2FF59060AB5}.Release|x64.Deploy.0 = Release|x64
	EndGlobalSection
	GlobalSection(SolutionProperties) = preSolution
		HideSolutionNode = FALSE
	EndGlobalSection
	GlobalSection(ExtensibilityGlobals) = postSolution
		SolutionGuid = {6159B5B3-5FE8-4FAB-ABA7-C5D617176700}
	EndGlobalSection
EndGlobal
